
Microsoft Visual Studio Solution File, Format Version 12.00
# Visual Studio Version 17
VisualStudioVersion = 17.3.32922.545
MinimumVisualStudioVersion = 10.0.40219.1
Project("{FAE04EC0-301F-11D3-BF4B-00C04F79EFBC}") = "Shop_ruthHershler", "Shop_ruthHershler\Shop_ruthHershler.csproj", "{47B0AA90-037B-4CBD-A74F-C908C1BDC044}"
EndProject
Global
	GlobalSection(SolutionConfigurationPlatforms) = preSolution
		Debug|Any CPU = Debug|Any CPU
		Release|Any CPU = Release|Any CPU
	EndGlobalSection
	GlobalSection(ProjectConfigurationPlatforms) = postSolution
		{47B0AA90-037B-4CBD-A74F-C908C1BDC044}.Debug|Any CPU.ActiveCfg = Debug|Any CPU
		{47B0AA90-037B-4CBD-A74F-C908C1BDC044}.Debug|Any CPU.Build.0 = Debug|Any CPU
		{47B0AA90-037B-4CBD-A74F-C908C1BDC044}.Release|Any CPU.ActiveCfg = Release|Any CPU
		{47B0AA90-037B-4CBD-A74F-C908C1BDC044}.Release|Any CPU.Build.0 = Release|Any CPU
	EndGlobalSection
	GlobalSection(SolutionProperties) = preSolution
		HideSolutionNode = FALSE
	EndGlobalSection
	GlobalSection(ExtensibilityGlobals) = postSolution
		SolutionGuid = {A677AD25-A23A-40F5-BE25-BC09D9290040}
	EndGlobalSection
EndGlobal
